
Microsoft Visual Studio Solution File, Format Version 12.00
# Visual Studio Version 16
VisualStudioVersion = 16.0.30413.136
MinimumVisualStudioVersion = 10.0.40219.1
Project("{FAE04EC0-301F-11D3-BF4B-00C04F79EFBC}") = "Lab3Bank", "Lab3Bank\Lab3Bank.csproj", "{FF70D341-BD07-4FCA-AB44-DED43C9C19B2}"
EndProject
Global
	GlobalSection(SolutionConfigurationPlatforms) = preSolution
		Debug|Any CPU = Debug|Any CPU
		Release|Any CPU = Release|Any CPU
	EndGlobalSection
	GlobalSection(ProjectConfigurationPlatforms) = postSolution
		{FF70D341-BD07-4FCA-AB44-DED43C9C19B2}.Debug|Any CPU.ActiveCfg = Debug|Any CPU
		{FF70D341-BD07-4FCA-AB44-DED43C9C19B2}.Debug|Any CPU.Build.0 = Debug|Any CPU
		{FF70D341-BD07-4FCA-AB44-DED43C9C19B2}.Release|Any CPU.ActiveCfg = Release|Any CPU
		{FF70D341-BD07-4FCA-AB44-DED43C9C19B2}.Release|Any CPU.Build.0 = Release|Any CPU
	EndGlobalSection
	GlobalSection(SolutionProperties) = preSolution
		HideSolutionNode = FALSE
	EndGlobalSection
	GlobalSection(ExtensibilityGlobals) = postSolution
		SolutionGuid = {459BD6F0-84B7-4040-8B78-84D032CD49D3}
	EndGlobalSection
EndGlobal
